
Microsoft Visual Studio Solution File, Format Version 12.00
# Visual Studio Version 17
VisualStudioVersion = 17.3.32929.385
MinimumVisualStudioVersion = 10.0.40219.1
Project("{FAE04EC0-301F-11D3-BF4B-00C04F79EFBC}") = "NFT Project", "NFT Project\NFT Project.csproj", "{842F98EE-10E2-4F51-844A-4773788BEB08}"
EndProject
Global
	GlobalSection(SolutionConfigurationPlatforms) = preSolution
		Debug|Any CPU = Debug|Any CPU
		Release|Any CPU = Release|Any CPU
	EndGlobalSection
	GlobalSection(ProjectConfigurationPlatforms) = postSolution
		{842F98EE-10E2-4F51-844A-4773788BEB08}.Debug|Any CPU.ActiveCfg = Debug|Any CPU
		{842F98EE-10E2-4F51-844A-4773788BEB08}.Debug|Any CPU.Build.0 = Debug|Any CPU
		{842F98EE-10E2-4F51-844A-4773788BEB08}.Release|Any CPU.ActiveCfg = Release|Any CPU
		{842F98EE-10E2-4F51-844A-4773788BEB08}.Release|Any CPU.Build.0 = Release|Any CPU
	EndGlobalSection
	GlobalSection(SolutionProperties) = preSolution
		HideSolutionNode = FALSE
	EndGlobalSection
	GlobalSection(ExtensibilityGlobals) = postSolution
		SolutionGuid = {1C66B44C-D6B8-44BE-BDC2-81D91F4E3D2D}
	EndGlobalSection
EndGlobal
